
Microsoft Visual Studio Solution File, Format Version 12.00
# Visual Studio 14
VisualStudioVersion = 14.0.24720.0
MinimumVisualStudioVersion = 10.0.40219.1
Project("{FAE04EC0-301F-11D3-BF4B-00C04F79EFBC}") = "Server", "Server\Server.csproj", "{1B653224-B39A-4FFB-8222-9FFC76E20CEF}"
EndProject
Project("{FAE04EC0-301F-11D3-BF4B-00C04F79EFBC}") = "Client", "Client\Client.csproj", "{A50922A2-21D7-4BC6-94D5-D636BA47ED5B}"
EndProject
Project("{FAE04EC0-301F-11D3-BF4B-00C04F79EFBC}") = "DataParser", "DataParser\DataParser.csproj", "{8D3C5568-3D72-444F-AF16-FD87774481FA}"
EndProject
Project("{FAE04EC0-301F-11D3-BF4B-00C04F79EFBC}") = "MathematicalToolCommunicator", "MathematicalToolCommunicator\MathematicalToolCommunicator.csproj", "{57DF7AF5-9D7E-4C39-9BAB-10B1A506644D}"
EndProject
Project("{FAE04EC0-301F-11D3-BF4B-00C04F79EFBC}") = "MathToolTest", "MathToolTest\MathToolTest.csproj", "{B84186A1-FEB8-4BF9-9E9D-31548AEE495B}"
EndProject
Project("{FAE04EC0-301F-11D3-BF4B-00C04F79EFBC}") = "TCPIPTest", "TCPIPTest\TCPIPTest.csproj", "{CCA14BFD-B1EF-46F2-B3BD-38C920BFDECD}"
EndProject
Project("{FAE04EC0-301F-11D3-BF4B-00C04F79EFBC}") = "DataStorage", "DataStorage\DataStorage.csproj", "{1A7DC041-BD60-4945-8185-9424183B6C99}"
EndProject
Project("{FAE04EC0-301F-11D3-BF4B-00C04F79EFBC}") = "AircraftsManager", "AircraftsManager\AircraftsManager.csproj", "{82727286-CC1B-487A-A372-4D2E683D7492}"
EndProject
Project("{FAE04EC0-301F-11D3-BF4B-00C04F79EFBC}") = "ToolsManager", "ToolsManager\ToolsManager.csproj", "{3AAFFFA9-1772-4453-825C-6459A91A97B7}"
EndProject
Project("{FAE04EC0-301F-11D3-BF4B-00C04F79EFBC}") = "DiagramTool", "DiagramTool\DiagramTool.csproj", "{18C86D31-9A09-4428-BB27-3DA7F1141BDD}"
EndProject
Project("{FAE04EC0-301F-11D3-BF4B-00C04F79EFBC}") = "BackupTool", "BackupTool\BackupTool.csproj", "{15ADB7C2-155C-400D-9828-559619326899}"
EndProject
Project("{FAE04EC0-301F-11D3-BF4B-00C04F79EFBC}") = "Common", "Common\Common.csproj", "{631A99D6-D51E-4F03-855B-9625663C7EE4}"
EndProject
Project("{FAE04EC0-301F-11D3-BF4B-00C04F79EFBC}") = "Main", "Main\Main.csproj", "{E3462EA6-DE4E-4673-8D89-D9747474D5FE}"
EndProject
Project("{FAE04EC0-301F-11D3-BF4B-00C04F79EFBC}") = "Patterns", "Patterns\Patterns.csproj", "{4B2F41BA-76B7-4371-8E72-F66250BE173B}"
EndProject
Global
	GlobalSection(SolutionConfigurationPlatforms) = preSolution
		Debug|Any CPU = Debug|Any CPU
		Release|Any CPU = Release|Any CPU
	EndGlobalSection
	GlobalSection(ProjectConfigurationPlatforms) = postSolution
		{1B653224-B39A-4FFB-8222-9FFC76E20CEF}.Debug|Any CPU.ActiveCfg = Debug|Any CPU
		{1B653224-B39A-4FFB-8222-9FFC76E20CEF}.Debug|Any CPU.Build.0 = Debug|Any CPU
		{1B653224-B39A-4FFB-8222-9FFC76E20CEF}.Release|Any CPU.ActiveCfg = Release|Any CPU
		{1B653224-B39A-4FFB-8222-9FFC76E20CEF}.Release|Any CPU.Build.0 = Release|Any CPU
		{A50922A2-21D7-4BC6-94D5-D636BA47ED5B}.Debug|Any CPU.ActiveCfg = Debug|Any CPU
		{A50922A2-21D7-4BC6-94D5-D636BA47ED5B}.Debug|Any CPU.Build.0 = Debug|Any CPU
		{A50922A2-21D7-4BC6-94D5-D636BA47ED5B}.Release|Any CPU.ActiveCfg = Release|Any CPU
		{A50922A2-21D7-4BC6-94D5-D636BA47ED5B}.Release|Any CPU.Build.0 = Release|Any CPU
		{8D3C5568-3D72-444F-AF16-FD87774481FA}.Debug|Any CPU.ActiveCfg = Debug|Any CPU
		{8D3C5568-3D72-444F-AF16-FD87774481FA}.Debug|Any CPU.Build.0 = Debug|Any CPU
		{8D3C5568-3D72-444F-AF16-FD87774481FA}.Release|Any CPU.ActiveCfg = Release|Any CPU
		{8D3C5568-3D72-444F-AF16-FD87774481FA}.Release|Any CPU.Build.0 = Release|Any CPU
		{57DF7AF5-9D7E-4C39-9BAB-10B1A506644D}.Debug|Any CPU.ActiveCfg = Debug|Any CPU
		{57DF7AF5-9D7E-4C39-9BAB-10B1A506644D}.Debug|Any CPU.Build.0 = Debug|Any CPU
		{57DF7AF5-9D7E-4C39-9BAB-10B1A506644D}.Release|Any CPU.ActiveCfg = Release|Any CPU
		{57DF7AF5-9D7E-4C39-9BAB-10B1A506644D}.Release|Any CPU.Build.0 = Release|Any CPU
		{B84186A1-FEB8-4BF9-9E9D-31548AEE495B}.Debug|Any CPU.ActiveCfg = Debug|Any CPU
		{B84186A1-FEB8-4BF9-9E9D-31548AEE495B}.Debug|Any CPU.Build.0 = Debug|Any CPU
		{B84186A1-FEB8-4BF9-9E9D-31548AEE495B}.Release|Any CPU.ActiveCfg = Release|Any CPU
		{B84186A1-FEB8-4BF9-9E9D-31548AEE495B}.Release|Any CPU.Build.0 = Release|Any CPU
		{CCA14BFD-B1EF-46F2-B3BD-38C920BFDECD}.Debug|Any CPU.ActiveCfg = Debug|Any CPU
		{CCA14BFD-B1EF-46F2-B3BD-38C920BFDECD}.Debug|Any CPU.Build.0 = Debug|Any CPU
		{CCA14BFD-B1EF-46F2-B3BD-38C920BFDECD}.Release|Any CPU.ActiveCfg = Release|Any CPU
		{CCA14BFD-B1EF-46F2-B3BD-38C920BFDECD}.Release|Any CPU.Build.0 = Release|Any CPU
		{1A7DC041-BD60-4945-8185-9424183B6C99}.Debug|Any CPU.ActiveCfg = Debug|Any CPU
		{1A7DC041-BD60-4945-8185-9424183B6C99}.Debug|Any CPU.Build.0 = Debug|Any CPU
		{1A7DC041-BD60-4945-8185-9424183B6C99}.Release|Any CPU.ActiveCfg = Release|Any CPU
		{1A7DC041-BD60-4945-8185-9424183B6C99}.Release|Any CPU.Build.0 = Release|Any CPU
		{82727286-CC1B-487A-A372-4D2E683D7492}.Debug|Any CPU.ActiveCfg = Debug|Any CPU
		{82727286-CC1B-487A-A372-4D2E683D7492}.Debug|Any CPU.Build.0 = Debug|Any CPU
		{82727286-CC1B-487A-A372-4D2E683D7492}.Release|Any CPU.ActiveCfg = Release|Any CPU
		{82727286-CC1B-487A-A372-4D2E683D7492}.Release|Any CPU.Build.0 = Release|Any CPU
		{3AAFFFA9-1772-4453-825C-6459A91A97B7}.Debug|Any CPU.ActiveCfg = Debug|Any CPU
		{3AAFFFA9-1772-4453-825C-6459A91A97B7}.Debug|Any CPU.Build.0 = Debug|Any CPU
		{3AAFFFA9-1772-4453-825C-6459A91A97B7}.Release|Any CPU.ActiveCfg = Release|Any CPU
		{3AAFFFA9-1772-4453-825C-6459A91A97B7}.Release|Any CPU.Build.0 = Release|Any CPU
		{18C86D31-9A09-4428-BB27-3DA7F1141BDD}.Debug|Any CPU.ActiveCfg = Debug|Any CPU
		{18C86D31-9A09-4428-BB27-3DA7F1141BDD}.Debug|Any CPU.Build.0 = Debug|Any CPU
		{18C86D31-9A09-4428-BB27-3DA7F1141BDD}.Release|Any CPU.ActiveCfg = Release|Any CPU
		{18C86D31-9A09-4428-BB27-3DA7F1141BDD}.Release|Any CPU.Build.0 = Release|Any CPU
		{15ADB7C2-155C-400D-9828-559619326899}.Debug|Any CPU.ActiveCfg = Debug|Any CPU
		{15ADB7C2-155C-400D-9828-559619326899}.Debug|Any CPU.Build.0 = Debug|Any CPU
		{15ADB7C2-155C-400D-9828-559619326899}.Release|Any CPU.ActiveCfg = Release|Any CPU
		{15ADB7C2-155C-400D-9828-559619326899}.Release|Any CPU.Build.0 = Release|Any CPU
		{631A99D6-D51E-4F03-855B-9625663C7EE4}.Debug|Any CPU.ActiveCfg = Debug|Any CPU
		{631A99D6-D51E-4F03-855B-9625663C7EE4}.Debug|Any CPU.Build.0 = Debug|Any CPU
		{631A99D6-D51E-4F03-855B-9625663C7EE4}.Release|Any CPU.ActiveCfg = Release|Any CPU
		{631A99D6-D51E-4F03-855B-9625663C7EE4}.Release|Any CPU.Build.0 = Release|Any CPU
		{E3462EA6-DE4E-4673-8D89-D9747474D5FE}.Debug|Any CPU.ActiveCfg = Debug|Any CPU
		{E3462EA6-DE4E-4673-8D89-D9747474D5FE}.Debug|Any CPU.Build.0 = Debug|Any CPU
		{E3462EA6-DE4E-4673-8D89-D9747474D5FE}.Release|Any CPU.ActiveCfg = Release|Any CPU
		{E3462EA6-DE4E-4673-8D89-D9747474D5FE}.Release|Any CPU.Build.0 = Release|Any CPU
		{4B2F41BA-76B7-4371-8E72-F66250BE173B}.Debug|Any CPU.ActiveCfg = Debug|Any CPU
		{4B2F41BA-76B7-4371-8E72-F66250BE173B}.Debug|Any CPU.Build.0 = Debug|Any CPU
		{4B2F41BA-76B7-4371-8E72-F66250BE173B}.Release|Any CPU.ActiveCfg = Release|Any CPU
		{4B2F41BA-76B7-4371-8E72-F66250BE173B}.Release|Any CPU.Build.0 = Release|Any CPU
	EndGlobalSection
	GlobalSection(SolutionProperties) = preSolution
		HideSolutionNode = FALSE
	EndGlobalSection
EndGlobal
